Microsoft Visual Studio Solution File, Format Version 12.00
# Visual Studio 2012
Project("{FAE04EC0-301F-11D3-BF4B-00C04F79EFBC}") = "Juego1", "Juego1.csproj", "{BCFEE090-0986-4B2C-B9CC-DFF4AEC98DC3}"
EndProject
Global
	GlobalSection(SolutionConfigurationPlatforms) = preSolution
	Debug|Any CPU = Debug|Any CPU
	Release|Any CPU = Release|Any CPU
	Tools|Any CPU = Tools|Any CPU
	EndGlobalSection
	GlobalSection(ProjectConfigurationPlatforms) = postSolution
		{BCFEE090-0986-4B2C-B9CC-DFF4AEC98DC3}.Debug|Any CPU.ActiveCfg = Debug|Any CPU
		{BCFEE090-0986-4B2C-B9CC-DFF4AEC98DC3}.Debug|Any CPU.Build.0 = Debug|Any CPU
		{BCFEE090-0986-4B2C-B9CC-DFF4AEC98DC3}.Release|Any CPU.ActiveCfg = Release|Any CPU
		{BCFEE090-0986-4B2C-B9CC-DFF4AEC98DC3}.Release|Any CPU.Build.0 = Release|Any CPU
		{BCFEE090-0986-4B2C-B9CC-DFF4AEC98DC3}.Tools|Any CPU.ActiveCfg = Tools|Any CPU
		{BCFEE090-0986-4B2C-B9CC-DFF4AEC98DC3}.Tools|Any CPU.Build.0 = Tools|Any CPU
	EndGlobalSection
EndGlobal
